
Microsoft Visual Studio Solution File, Format Version 12.00
# Visual Studio Version 16
VisualStudioVersion = 16.0.29911.84
MinimumVisualStudioVersion = 10.0.40219.1
Project("{FAE04EC0-301F-11D3-BF4B-00C04F79EFBC}") = "Cr1tBot", "Cr1tBot\Cr1tBot.csproj", "{A131F942-CC2D-4018-ACF8-AE8D49F1D693}"
EndProject
Project("{FAE04EC0-301F-11D3-BF4B-00C04F79EFBC}") = "Cr1TiKa7-Framework", "F:\Backup PC\Backup 27.02.2018\GitProjekte\cr1tika7-framework\Cr1TiKa7-Framework\Cr1TiKa7-Framework.csproj", "{B4C1A34A-5CBC-4B59-BEE5-46C7101902D3}"
EndProject
Project("{9A19103F-16F7-4668-BE54-9A1E7A4F7556}") = "TestConsole", "TestConsole\TestConsole.csproj", "{04B66908-14BB-4783-A3EB-D92B2BDDBD2B}"
EndProject
Project("{9A19103F-16F7-4668-BE54-9A1E7A4F7556}") = "Cr1tBot.Utils", "Cr1tBot.Utils\Cr1tBot.Utils.csproj", "{2E2692C6-5B2B-433B-B1EC-C21E61DDAD26}"
EndProject
Project("{FAE04EC0-301F-11D3-BF4B-00C04F79EFBC}") = "IdleTwitchBot", "IdleTwitchBot\IdleTwitchBot.csproj", "{EEB14C97-40AB-4D7C-AF4F-92DDABAE630A}"
EndProject
Global
	GlobalSection(SolutionConfigurationPlatforms) = preSolution
		Debug|Any CPU = Debug|Any CPU
		Release|Any CPU = Release|Any CPU
	EndGlobalSection
	GlobalSection(ProjectConfigurationPlatforms) = postSolution
		{A131F942-CC2D-4018-ACF8-AE8D49F1D693}.Debug|Any CPU.ActiveCfg = Debug|Any CPU
		{A131F942-CC2D-4018-ACF8-AE8D49F1D693}.Debug|Any CPU.Build.0 = Debug|Any CPU
		{A131F942-CC2D-4018-ACF8-AE8D49F1D693}.Release|Any CPU.ActiveCfg = Release|Any CPU
		{A131F942-CC2D-4018-ACF8-AE8D49F1D693}.Release|Any CPU.Build.0 = Release|Any CPU
		{B4C1A34A-5CBC-4B59-BEE5-46C7101902D3}.Debug|Any CPU.ActiveCfg = Debug|Any CPU
		{B4C1A34A-5CBC-4B59-BEE5-46C7101902D3}.Debug|Any CPU.Build.0 = Debug|Any CPU
		{B4C1A34A-5CBC-4B59-BEE5-46C7101902D3}.Release|Any CPU.ActiveCfg = Release|Any CPU
		{B4C1A34A-5CBC-4B59-BEE5-46C7101902D3}.Release|Any CPU.Build.0 = Release|Any CPU
		{04B66908-14BB-4783-A3EB-D92B2BDDBD2B}.Debug|Any CPU.ActiveCfg = Debug|Any CPU
		{04B66908-14BB-4783-A3EB-D92B2BDDBD2B}.Debug|Any CPU.Build.0 = Debug|Any CPU
		{04B66908-14BB-4783-A3EB-D92B2BDDBD2B}.Release|Any CPU.ActiveCfg = Release|Any CPU
		{04B66908-14BB-4783-A3EB-D92B2BDDBD2B}.Release|Any CPU.Build.0 = Release|Any CPU
		{2E2692C6-5B2B-433B-B1EC-C21E61DDAD26}.Debug|Any CPU.ActiveCfg = Debug|Any CPU
		{2E2692C6-5B2B-433B-B1EC-C21E61DDAD26}.Debug|Any CPU.Build.0 = Debug|Any CPU
		{2E2692C6-5B2B-433B-B1EC-C21E61DDAD26}.Release|Any CPU.ActiveCfg = Release|Any CPU
		{2E2692C6-5B2B-433B-B1EC-C21E61DDAD26}.Release|Any CPU.Build.0 = Release|Any CPU
		{EEB14C97-40AB-4D7C-AF4F-92DDABAE630A}.Debug|Any CPU.ActiveCfg = Debug|Any CPU
		{EEB14C97-40AB-4D7C-AF4F-92DDABAE630A}.Debug|Any CPU.Build.0 = Debug|Any CPU
		{EEB14C97-40AB-4D7C-AF4F-92DDABAE630A}.Release|Any CPU.ActiveCfg = Release|Any CPU
		{EEB14C97-40AB-4D7C-AF4F-92DDABAE630A}.Release|Any CPU.Build.0 = Release|Any CPU
	EndGlobalSection
	GlobalSection(SolutionProperties) = preSolution
		HideSolutionNode = FALSE
	EndGlobalSection
	GlobalSection(ExtensibilityGlobals) = postSolution
		SolutionGuid = {A779DD07-AF10-4B1C-A2F3-93F45676FE26}
	EndGlobalSection
EndGlobal
